
Microsoft Visual Studio Solution File, Format Version 12.00
# Visual Studio Version 16
VisualStudioVersion = 16.0.28922.388
MinimumVisualStudioVersion = 10.0.40219.1
Project("{FAE04EC0-301F-11D3-BF4B-00C04F79EFBC}") = "Zetris", "Zetris\Zetris.csproj", "{7C71758A-AB33-4897-9B3B-FB0D7B4BC210}"
EndProject
Global
	GlobalSection(SolutionConfigurationPlatforms) = preSolution
		Debug|Any CPU = Debug|Any CPU
		Release|Any CPU = Release|Any CPU
	EndGlobalSection
	GlobalSection(ProjectConfigurationPlatforms) = postSolution
		{7C71758A-AB33-4897-9B3B-FB0D7B4BC210}.Debug|Any CPU.ActiveCfg = Debug|Any CPU
		{7C71758A-AB33-4897-9B3B-FB0D7B4BC210}.Debug|Any CPU.Build.0 = Debug|Any CPU
		{7C71758A-AB33-4897-9B3B-FB0D7B4BC210}.Release|Any CPU.ActiveCfg = Release|Any CPU
		{7C71758A-AB33-4897-9B3B-FB0D7B4BC210}.Release|Any CPU.Build.0 = Release|Any CPU
	EndGlobalSection
	GlobalSection(SolutionProperties) = preSolution
		HideSolutionNode = FALSE
	EndGlobalSection
	GlobalSection(ExtensibilityGlobals) = postSolution
		SolutionGuid = {820EF5E8-AFBB-430B-B3BC-7F492DC5BA9B}
	EndGlobalSection
EndGlobal
